// !$*UTF8*$!
{
	archiveVersion = 1;
	classes = {
	};
	objectVersion = 48;
	objects = {

/* Begin PBXBuildFile section */
		B91EBC221FDB4C7400417B0F /* AppDelegate.swift in Sources */ = {isa = PBXBuildFile; fileRef = B91EBC211FDB4C7400417B0F /* AppDelegate.swift */; };
		B91EBC241FDB4C7400417B0F /* ViewController.swift in Sources */ = {isa = PBXBuildFile; fileRef = B91EBC231FDB4C7400417B0F /* ViewController.swift */; };
		B91EBC271FDB4C7400417B0F /* Main.storyboard in Resources */ = {isa = PBXBuildFile; fileRef = B91EBC251FDB4C7400417B0F /* Main.storyboard */; };
		B91EBC291FDB4C7400417B0F /* Assets.xcassets in Resources */ = {isa = PBXBuildFile; fileRef = B91EBC281FDB4C7400417B0F /* Assets.xcassets */; };
		B91EBC2C1FDB4C7400417B0F /* LaunchScreen.storyboard in Resources */ = {isa = PBXBuildFile; fileRef = B91EBC2A1FDB4C7400417B0F /* LaunchScreen.storyboard */; };
		B91EBC371FDB4C7500417B0F /* iOSFinalAppTwoTests.swift in Sources */ = {isa = PBXBuildFile; fileRef = B91EBC361FDB4C7500417B0F /* iOSFinalAppTwoTests.swift */; };
		B91EBC421FDB4C7500417B0F /* iOSFinalAppTwoUITests.swift in Sources */ = {isa = PBXBuildFile; fileRef = B91EBC411FDB4C7500417B0F /* iOSFinalAppTwoUITests.swift */; };
/* End PBXBuildFile section */

/* Begin PBXContainerItemProxy section */
		B91EBC331FDB4C7500417B0F /* PBXContainerItemProxy */ = {
			isa = PBXContainerItemProxy;
			containerPortal = B91EBC161FDB4C7400417B0F /* Project object */;
			proxyType = 1;
			remoteGlobalIDString = B91EBC1D1FDB4C7400417B0F;
			remoteInfo = iOSFinalAppTwo;
		};
		B91EBC3E1FDB4C7500417B0F /* PBXContainerItemProxy */ = {
			isa = PBXContainerItemProxy;
			containerPortal = B91EBC161FDB4C7400417B0F /* Project object */;
			proxyType = 1;
			remoteGlobalIDString = B91EBC1D1FDB4C7400417B0F;
			remoteInfo = iOSFinalAppTwo;
		};
/* End PBXContainerItemProxy section */

/* Begin PBXFileReference section */
		B91EBC1E1FDB4C7400417B0F /* iOSFinalAppTwo.app */ = {isa = PBXFileReference; explicitFileType = wrapper.application; includeInIndex = 0; path = iOSFinalAppTwo.app; sourceTree = BUILT_PRODUCTS_DIR; };
		B91EBC211FDB4C7400417B0F /* AppDelegate.swift */ = {isa = PBXFileReference; lastKnownFileType = sourcecode.swift; path = AppDelegate.swift; sourceTree = "<group>"; };
		B91EBC231FDB4C7400417B0F /* ViewController.swift */ = {isa = PBXFileReference; lastKnownFileType = sourcecode.swift; path = ViewController.swift; sourceTree = "<group>"; };
		B91EBC261FDB4C7400417B0F /* Base */ = {isa = PBXFileReference; lastKnownFileType = file.storyboard; name = Base; path = Base.lproj/Main.storyboard; sourceTree = "<group>"; };
		B91EBC281FDB4C7400417B0F /* Assets.xcassets */ = {isa = PBXFileReference; lastKnownFileType = folder.assetcatalog; path = Assets.xcassets; sourceTree = "<group>"; };
		B91EBC2B1FDB4C7400417B0F /* Base */ = {isa = PBXFileReference; lastKnownFileType = file.storyboard; name = Base; path = Base.lproj/LaunchScreen.storyboard; sourceTree = "<group>"; };
		B91EBC2D1FDB4C7400417B0F /* Info.plist */ = {isa = PBXFileReference; lastKnownFileType = text.plist.xml; path = Info.plist; sourceTree = "<group>"; };
		B91EBC321FDB4C7400417B0F /* iOSFinalAppTwoTests.xctest */ = {isa = PBXFileReference; explicitFileType = wrapper.cfbundle; includeInIndex = 0; path = iOSFinalAppTwoTests.xctest; sourceTree = BUILT_PRODUCTS_DIR; };
		B91EBC361FDB4C7500417B0F /* iOSFinalAppTwoTests.swift */ = {isa = PBXFileReference; lastKnownFileType = sourcecode.swift; path = iOSFinalAppTwoTests.swift; sourceTree = "<group>"; };
		B91EBC381FDB4C7500417B0F /* Info.plist */ = {isa = PBXFileReference; lastKnownFileType = text.plist.xml; path = Info.plist; sourceTree = "<group>"; };
		B91EBC3D1FDB4C7500417B0F /* iOSFinalAppTwoUITests.xctest */ = {isa = PBXFileReference; explicitFileType = wrapper.cfbundle; includeInIndex = 0; path = iOSFinalAppTwoUITests.xctest; sourceTree = BUILT_PRODUCTS_DIR; };
		B91EBC411FDB4C7500417B0F /* iOSFinalAppTwoUITests.swift */ = {isa = PBXFileReference; lastKnownFileType = sourcecode.swift; path = iOSFinalAppTwoUITests.swift; sourceTree = "<group>"; };
		B91EBC431FDB4C7500417B0F /* Info.plist */ = {isa = PBXFileReference; lastKnownFileType = text.plist.xml; path = Info.plist; sourceTree = "<group>"; };
/* End PBXFileReference section */

/* Begin PBXFrameworksBuildPhase section */
		B91EBC1B1FDB4C7400417B0F /* Frameworks */ = {
			isa = PBXFrameworksBuildPhase;
			buildActionMask = 2147483647;
			files = (
			);
			runOnlyForDeploymentPostprocessing = 0;
		};
		B91EBC2F1FDB4C7400417B0F /* Frameworks */ = {
			isa = PBXFrameworksBuildPhase;
			buildActionMask = 2147483647;
			files = (
			);
			runOnlyForDeploymentPostprocessing = 0;
		};
		B91EBC3A1FDB4C7500417B0F /* Frameworks */ = {
			isa = PBXFrameworksBuildPhase;
			buildActionMask = 2147483647;
			files = (
			);
			runOnlyForDeploymentPostprocessing = 0;
		};
/* End PBXFrameworksBuildPhase section */

/* Begin PBXGroup section */
		B91EBC151FDB4C7400417B0F = {
			isa = PBXGroup;
			children = (
				B91EBC201FDB4C7400417B0F /* iOSFinalAppTwo */,
				B91EBC351FDB4C7500417B0F /* iOSFinalAppTwoTests */,
				B91EBC401FDB4C7500417B0F /* iOSFinalAppTwoUITests */,
				B91EBC1F1FDB4C7400417B0F /* Products */,
			);
			sourceTree = "<group>";
		};
		B91EBC1F1FDB4C7400417B0F /* Products */ = {
			isa = PBXGroup;
			children = (
				B91EBC1E1FDB4C7400417B0F /* iOSFinalAppTwo.app */,
				B91EBC321FDB4C7400417B0F /* iOSFinalAppTwoTests.xctest */,
				B91EBC3D1FDB4C7500417B0F /* iOSFinalAppTwoUITests.xctest */,
			);
			name = Products;
			sourceTree = "<group>";
		};
		B91EBC201FDB4C7400417B0F /* iOSFinalAppTwo */ = {
			isa = PBXGroup;
			children = (
				B91EBC211FDB4C7400417B0F /* AppDelegate.swift */,
				B91EBC231FDB4C7400417B0F /* ViewController.swift */,
				B91EBC251FDB4C7400417B0F /* Main.storyboard */,
				B91EBC281FDB4C7400417B0F /* Assets.xcassets */,
				B91EBC2A1FDB4C7400417B0F /* LaunchScreen.storyboard */,
				B91EBC2D1FDB4C7400417B0F /* Info.plist */,
			);
			path = iOSFinalAppTwo;
			sourceTree = "<group>";
		};
		B91EBC351FDB4C7500417B0F /* iOSFinalAppTwoTests */ = {
			isa = PBXGroup;
			children = (
				B91EBC361FDB4C7500417B0F /* iOSFinalAppTwoTests.swift */,
				B91EBC381FDB4C7500417B0F /* Info.plist */,
			);
			path = iOSFinalAppTwoTests;
			sourceTree = "<group>";
		};
		B91EBC401FDB4C7500417B0F /* iOSFinalAppTwoUITests */ = {
			isa = PBXGroup;
			children = (
				B91EBC411FDB4C7500417B0F /* iOSFinalAppTwoUITests.swift */,
				B91EBC431FDB4C7500417B0F /* Info.plist */,
			);
			path = iOSFinalAppTwoUITests;
			sourceTree = "<group>";
		};
/* End PBXGroup section */

/* Begin PBXNativeTarget section */
		B91EBC1D1FDB4C7400417B0F /* iOSFinalAppTwo */ = {
			isa = PBXNativeTarget;
			buildConfigurationList = B91EBC461FDB4C7500417B0F /* Build configuration list for PBXNativeTarget "iOSFinalAppTwo" */;
			buildPhases = (
				B91EBC1A1FDB4C7400417B0F /* Sources */,
				B91EBC1B1FDB4C7400417B0F /* Frameworks */,
				B91EBC1C1FDB4C7400417B0F /* Resources */,
			);
			buildRules = (
			);
			dependencies = (
			);
			name = iOSFinalAppTwo;
			productName = iOSFinalAppTwo;
			productReference = B91EBC1E1FDB4C7400417B0F /* iOSFinalAppTwo.app */;
			productType = "com.apple.product-type.application";
		};
		B91EBC311FDB4C7400417B0F /* iOSFinalAppTwoTests */ = {
			isa = PBXNativeTarget;
			buildConfigurationList = B91EBC491FDB4C7500417B0F /* Build configuration list for PBXNativeTarget "iOSFinalAppTwoTests" */;
			buildPhases = (
				B91EBC2E1FDB4C7400417B0F /* Sources */,
				B91EBC2F1FDB4C7400417B0F /* Frameworks */,
				B91EBC301FDB4C7400417B0F /* Resources */,
			);
			buildRules = (
			);
			dependencies = (
				B91EBC341FDB4C7500417B0F /* PBXTargetDependency */,
			);
			name = iOSFinalAppTwoTests;
			productName = iOSFinalAppTwoTests;
			productReference = B91EBC321FDB4C7400417B0F /* iOSFinalAppTwoTests.xctest */;
			productType = "com.apple.product-type.bundle.unit-test";
		};
		B91EBC3C1FDB4C7500417B0F /* iOSFinalAppTwoUITests */ = {
			isa = PBXNativeTarget;
			buildConfigurationList = B91EBC4C1FDB4C7500417B0F /* Build configuration list for PBXNativeTarget "iOSFinalAppTwoUITests" */;
			buildPhases = (
				B91EBC391FDB4C7500417B0F /* Sources */,
				B91EBC3A1FDB4C7500417B0F /* Frameworks */,
				B91EBC3B1FDB4C7500417B0F /* Resources */,
			);
			buildRules = (
			);
			dependencies = (
				B91EBC3F1FDB4C7500417B0F /* PBXTargetDependency */,
			);
			name = iOSFinalAppTwoUITests;
			productName = iOSFinalAppTwoUITests;
			productReference = B91EBC3D1FDB4C7500417B0F /* iOSFinalAppTwoUITests.xctest */;
			productType = "com.apple.product-type.bundle.ui-testing";
		};
/* End PBXNativeTarget section */

/* Begin PBXProject section */
		B91EBC161FDB4C7400417B0F /* Project object */ = {
			isa = PBXProject;
			attributes = {
				LastSwiftUpdateCheck = 0920;
				LastUpgradeCheck = 0920;
				ORGANIZATIONNAME = "Yudhvir Raj";
				TargetAttributes = {
					B91EBC1D1FDB4C7400417B0F = {
						CreatedOnToolsVersion = 9.2;
						ProvisioningStyle = Automatic;
					};
					B91EBC311FDB4C7400417B0F = {
						CreatedOnToolsVersion = 9.2;
						ProvisioningStyle = Automatic;
						TestTargetID = B91EBC1D1FDB4C7400417B0F;
					};
					B91EBC3C1FDB4C7500417B0F = {
						CreatedOnToolsVersion = 9.2;
						ProvisioningStyle = Automatic;
						TestTargetID = B91EBC1D1FDB4C7400417B0F;
					};
				};
			};
			buildConfigurationList = B91EBC191FDB4C7400417B0F /* Build configuration list for PBXProject "iOSFinalAppTwo" */;
			compatibilityVersion = "Xcode 8.0";
			developmentRegion = en;
			hasScannedForEncodings = 0;
			knownRegions = (
				en,
				Base,
			);
			mainGroup = B91EBC151FDB4C7400417B0F;
			productRefGroup = B91EBC1F1FDB4C7400417B0F /* Products */;
			projectDirPath = "";
			projectRoot = "";
			targets = (
				B91EBC1D1FDB4C7400417B0F /* iOSFinalAppTwo */,
				B91EBC311FDB4C7400417B0F /* iOSFinalAppTwoTests */,
				B91EBC3C1FDB4C7500417B0F /* iOSFinalAppTwoUITests */,
			);
		};
/* End PBXProject section */

/* Begin PBXResourcesBuildPhase section */
		B91EBC1C1FDB4C7400417B0F /* Resources */ = {
			isa = PBXResourcesBuildPhase;
			buildActionMask = 2147483647;
			files = (
				B91EBC2C1FDB4C7400417B0F /* LaunchScreen.storyboard in Resources */,
				B91EBC291FDB4C7400417B0F /* Assets.xcassets in Resources */,
				B91EBC271FDB4C7400417B0F /* Main.storyboard in Resources */,
			);
			runOnlyForDeploymentPostprocessing = 0;
		};
		B91EBC301FDB4C7400417B0F /* Resources */ = {
			isa = PBXResourcesBuildPhase;
			buildActionMask = 2147483647;
			files = (
			);
			runOnlyForDeploymentPostprocessing = 0;
		};
		B91EBC3B1FDB4C7500417B0F /* Resources */ = {
			isa = PBXResourcesBuildPhase;
			buildActionMask = 2147483647;
			files = (
			);
			runOnlyForDeploymentPostprocessing = 0;
		};
/* End PBXResourcesBuildPhase section */

/* Begin PBXSourcesBuildPhase section */
		B91EBC1A1FDB4C7400417B0F /* Sources */ = {
			isa = PBXSourcesBuildPhase;
			buildActionMask = 2147483647;
			files = (
				B91EBC241FDB4C7400417B0F /* ViewController.swift in Sources */,
				B91EBC221FDB4C7400417B0F /* AppDelegate.swift in Sources */,
			);
			runOnlyForDeploymentPostprocessing = 0;
		};
		B91EBC2E1FDB4C7400417B0F /* Sources */ = {
			isa = PBXSourcesBuildPhase;
			buildActionMask = 2147483647;
			files = (
				B91EBC371FDB4C7500417B0F /* iOSFinalAppTwoTests.swift in Sources */,
			);
			runOnlyForDeploymentPostprocessing = 0;
		};
		B91EBC391FDB4C7500417B0F /* Sources */ = {
			isa = PBXSourcesBuildPhase;
			buildActionMask = 2147483647;
			files = (
				B91EBC421FDB4C7500417B0F /* iOSFinalAppTwoUITests.swift in Sources */,
			);
			runOnlyForDeploymentPostprocessing = 0;
		};
/* End PBXSourcesBuildPhase section */

/* Begin PBXTargetDependency section */
		B91EBC341FDB4C7500417B0F /* PBXTargetDependency */ = {
			isa = PBXTargetDependency;
			target = B91EBC1D1FDB4C7400417B0F /* iOSFinalAppTwo */;
			targetProxy = B91EBC331FDB4C7500417B0F /* PBXContainerItemProxy */;
		};
		B91EBC3F1FDB4C7500417B0F /* PBXTargetDependency */ = {
			isa = PBXTargetDependency;
			target = B91EBC1D1FDB4C7400417B0F /* iOSFinalAppTwo */;
			targetProxy = B91EBC3E1FDB4C7500417B0F /* PBXContainerItemProxy */;
		};
/* End PBXTargetDependency section */

/* Begin PBXVariantGroup section */
		B91EBC251FDB4C7400417B0F /* Main.storyboard */ = {
			isa = PBXVariantGroup;
			children = (
				B91EBC261FDB4C7400417B0F /* Base */,
			);
			name = Main.storyboard;
			sourceTree = "<group>";
		};
		B91EBC2A1FDB4C7400417B0F /* LaunchScreen.storyboard */ = {
			isa = PBXVariantGroup;
			children = (
				B91EBC2B1FDB4C7400417B0F /* Base */,
			);
			name = LaunchScreen.storyboard;
			sourceTree = "<group>";
		};
/* End PBXVariantGroup section */

/* Begin XCBuildConfiguration section */
		B91EBC441FDB4C7500417B0F /* Debug */ = {
			isa = XCBuildConfiguration;
			buildSettings = {
				ALWAYS_SEARCH_USER_PATHS = NO;
				CLANG_ANALYZER_NONNULL = YES;
				CLANG_ANALYZER_NUMBER_OBJECT_CONVERSION = YES_AGGRESSIVE;
				CLANG_CXX_LANGUAGE_STANDARD = "gnu++14";
				CLANG_CXX_LIBRARY = "libc++";
				CLANG_ENABLE_MODULES = YES;
				CLANG_ENABLE_OBJC_ARC = YES;
				CLANG_WARN_BLOCK_CAPTURE_AUTORELEASING = YES;
				CLANG_WARN_BOOL_CONVERSION = YES;
				CLANG_WARN_COMMA = YES;
				CLANG_WARN_CONSTANT_CONVERSION = YES;
				CLANG_WARN_DIRECT_OBJC_ISA_USAGE = YES_ERROR;
				CLANG_WARN_DOCUMENTATION_COMMENTS = YES;
				CLANG_WARN_EMPTY_BODY = YES;
				CLANG_WARN_ENUM_CONVERSION = YES;
				CLANG_WARN_INFINITE_RECURSION = YES;
				CLANG_WARN_INT_CONVERSION = YES;
				CLANG_WARN_NON_LITERAL_NULL_CONVERSION = YES;
				CLANG_WARN_OBJC_LITERAL_CONVERSION = YES;
				CLANG_WARN_OBJC_ROOT_CLASS = YES_ERROR;
				CLANG_WARN_RANGE_LOOP_ANALYSIS = YES;
				CLANG_WARN_STRICT_PROTOTYPES = YES;
				CLANG_WARN_SUSPICIOUS_MOVE = YES;
				CLANG_WARN_UNGUARDED_AVAILABILITY = YES_AGGRESSIVE;
				CLANG_WARN_UNREACHABLE_CODE = YES;
				CLANG_WARN__DUPLICATE_METHOD_MATCH = YES;
				CODE_SIGN_IDENTITY = "iPhone Developer";
				COPY_PHASE_STRIP = NO;
				DEBUG_INFORMATION_FORMAT = dwarf;
				ENABLE_STRICT_OBJC_MSGSEND = YES;
				ENABLE_TESTABILITY = YES;
				GCC_C_LANGUAGE_STANDARD = gnu11;
				GCC_DYNAMIC_NO_PIC = NO;
				GCC_NO_COMMON_BLOCKS = YES;
				GCC_OPTIMIZATION_LEVEL = 0;
				GCC_PREPROCESSOR_DEFINITIONS = (
					"DEBUG=1",
					"$(inherited)",
				);
				GCC_WARN_64_TO_32_BIT_CONVERSION = YES;
				GCC_WARN_ABOUT_RETURN_TYPE = YES_ERROR;
				GCC_WARN_UNDECLARED_SELECTOR = YES;
				GCC_WARN_UNINITIALIZED_AUTOS = YES_AGGRESSIVE;
				GCC_WARN_UNUSED_FUNCTION = YES;
				GCC_WARN_UNUSED_VARIABLE = YES;
				IPHONEOS_DEPLOYMENT_TARGET = 11.2;
				MTL_ENABLE_DEBUG_INFO = YES;
				ONLY_ACTIVE_ARCH = YES;
				SDKROOT = iphoneos;
				SWIFT_ACTIVE_COMPILATION_CONDITIONS = DEBUG;
				SWIFT_OPTIMIZATION_LEVEL = "-Onone";
			};
			name = Debug;
		};
		B91EBC451FDB4C7500417B0F /* Release */ = {
			isa = XCBuildConfiguration;
			buildSettings = {
				ALWAYS_SEARCH_USER_PATHS = NO;
				CLANG_ANALYZER_NONNULL = YES;
				CLANG_ANALYZER_NUMBER_OBJECT_CONVERSION = YES_AGGRESSIVE;
				CLANG_CXX_LANGUAGE_STANDARD = "gnu++14";
				CLANG_CXX_LIBRARY = "libc++";
				CLANG_ENABLE_MODULES = YES;
				CLANG_ENABLE_OBJC_ARC = YES;
				CLANG_WARN_BLOCK_CAPTURE_AUTORELEASING = YES;
				CLANG_WARN_BOOL_CONVERSION = YES;
				CLANG_WARN_COMMA = YES;
				CLANG_WARN_CONSTANT_CONVERSION = YES;
				CLANG_WARN_DIRECT_OBJC_ISA_USAGE = YES_ERROR;
				CLANG_WARN_DOCUMENTATION_COMMENTS = YES;
				CLANG_WARN_EMPTY_BODY = YES;
				CLANG_WARN_ENUM_CONVERSION = YES;
				CLANG_WARN_INFINITE_RECURSION = YES;
				CLANG_WARN_INT_CONVERSION = YES;
				CLANG_WARN_NON_LITERAL_NULL_CONVERSION = YES;
				CLANG_WARN_OBJC_LITERAL_CONVERSION = YES;
				CLANG_WARN_OBJC_ROOT_CLASS = YES_ERROR;
				CLANG_WARN_RANGE_LOOP_ANALYSIS = YES;
				CLANG_WARN_STRICT_PROTOTYPES = YES;
				CLANG_WARN_SUSPICIOUS_MOVE = YES;
				CLANG_WARN_UNGUARDED_AVAILABILITY = YES_AGGRESSIVE;
				CLANG_WARN_UNREACHABLE_CODE = YES;
				CLANG_WARN__DUPLICATE_METHOD_MATCH = YES;
				CODE_SIGN_IDENTITY = "iPhone Developer";
				COPY_PHASE_STRIP = NO;
				DEBUG_INFORMATION_FORMAT = "dwarf-with-dsym";
				ENABLE_NS_ASSERTIONS = NO;
				ENABLE_STRICT_OBJC_MSGSEND = YES;
				GCC_C_LANGUAGE_STANDARD = gnu11;
				GCC_NO_COMMON_BLOCKS = YES;
				GCC_WARN_64_TO_32_BIT_CONVERSION = YES;
				GCC_WARN_ABOUT_RETURN_TYPE = YES_ERROR;
				GCC_WARN_UNDECLARED_SELECTOR = YES;
				GCC_WARN_UNINITIALIZED_AUTOS = YES_AGGRESSIVE;
				GCC_WARN_UNUSED_FUNCTION = YES;
				GCC_WARN_UNUSED_VARIABLE = YES;
				IPHONEOS_DEPLOYMENT_TARGET = 11.2;
				MTL_ENABLE_DEBUG_INFO = NO;
				SDKROOT = iphoneos;
				SWIFT_OPTIMIZATION_LEVEL = "-Owholemodule";
				VALIDATE_PRODUCT = YES;
			};
			name = Release;
		};
		B91EBC471FDB4C7500417B0F /* Debug */ = {
			isa = XCBuildConfiguration;
			buildSettings = {
				ASSETCATALOG_COMPILER_APPICON_NAME = AppIcon;
				CODE_SIGN_STYLE = Automatic;
				DEVELOPMENT_TEAM = N6RP3H788Z;
				INFOPLIST_FILE = iOSFinalAppTwo/Info.plist;
				IPHONEOS_DEPLOYMENT_TARGET = 10.0;
				LD_RUNPATH_SEARCH_PATHS = "$(inherited) @executable_path/Frameworks";
				PRODUCT_BUNDLE_IDENTIFIER = UnderratedDev.iOSFinalAppTwo;
				PRODUCT_NAME = "$(TARGET_NAME)";
				SWIFT_VERSION = 4.0;
				TARGETED_DEVICE_FAMILY = "1,2";
			};
			name = Debug;
		};
		B91EBC481FDB4C7500417B0F /* Release */ = {
			isa = XCBuildConfiguration;
			buildSettings = {
				ASSETCATALOG_COMPILER_APPICON_NAME = AppIcon;
				CODE_SIGN_STYLE = Automatic;
				DEVELOPMENT_TEAM = N6RP3H788Z;
				INFOPLIST_FILE = iOSFinalAppTwo/Info.plist;
				IPHONEOS_DEPLOYMENT_TARGET = 10.0;
				LD_RUNPATH_SEARCH_PATHS = "$(inherited) @executable_path/Frameworks";
				PRODUCT_BUNDLE_IDENTIFIER = UnderratedDev.iOSFinalAppTwo;
				PRODUCT_NAME = "$(TARGET_NAME)";
				SWIFT_VERSION = 4.0;
				TARGETED_DEVICE_FAMILY = "1,2";
			};
			name = Release;
		};
		B91EBC4A1FDB4C7500417B0F /* Debug */ = {
			isa = XCBuildConfiguration;
			buildSettings = {
				ALWAYS_EMBED_SWIFT_STANDARD_LIBRARIES = YES;
				BUNDLE_LOADER = "$(TEST_HOST)";
				CODE_SIGN_STYLE = Automatic;
				DEVELOPMENT_TEAM = N6RP3H788Z;
				INFOPLIST_FILE = iOSFinalAppTwoTests/Info.plist;
				LD_RUNPATH_SEARCH_PATHS = "$(inherited) @executable_path/Frameworks @loader_path/Frameworks";
				PRODUCT_BUNDLE_IDENTIFIER = UnderratedDev.iOSFinalAppTwoTests;
				PRODUCT_NAME = "$(TARGET_NAME)";
				SWIFT_VERSION = 4.0;
				TARGETED_DEVICE_FAMILY = "1,2";
				TEST_HOST = "$(BUILT_PRODUCTS_DIR)/iOSFinalAppTwo.app/iOSFinalAppTwo";
			};
			name = Debug;
		};
		B91EBC4B1FDB4C7500417B0F /* Release */ = {
			isa = XCBuildConfiguration;
			buildSettings = {
				ALWAYS_EMBED_SWIFT_STANDARD_LIBRARIES = YES;
				BUNDLE_LOADER = "$(TEST_HOST)";
				CODE_SIGN_STYLE = Automatic;
				DEVELOPMENT_TEAM = N6RP3H788Z;
				INFOPLIST_FILE = iOSFinalAppTwoTests/Info.plist;
				LD_RUNPATH_SEARCH_PATHS = "$(inherited) @executable_path/Frameworks @loader_path/Frameworks";
				PRODUCT_BUNDLE_IDENTIFIER = UnderratedDev.iOSFinalAppTwoTests;
				PRODUCT_NAME = "$(TARGET_NAME)";
				SWIFT_VERSION = 4.0;
				TARGETED_DEVICE_FAMILY = "1,2";
				TEST_HOST = "$(BUILT_PRODUCTS_DIR)/iOSFinalAppTwo.app/iOSFinalAppTwo";
			};
			name = Release;
		};
		B91EBC4D1FDB4C7500417B0F /* Debug */ = {
			isa = XCBuildConfiguration;
			buildSettings = {
				ALWAYS_EMBED_SWIFT_STANDARD_LIBRARIES = YES;
				CODE_SIGN_STYLE = Automatic;
				DEVELOPMENT_TEAM = N6RP3H788Z;
				INFOPLIST_FILE = iOSFinalAppTwoUITests/Info.plist;
				LD_RUNPATH_SEARCH_PATHS = "$(inherited) @executable_path/Frameworks @loader_path/Frameworks";
				PRODUCT_BUNDLE_IDENTIFIER = UnderratedDev.iOSFinalAppTwoUITests;
				PRODUCT_NAME = "$(TARGET_NAME)";
				SWIFT_VERSION = 4.0;
				TARGETED_DEVICE_FAMILY = "1,2";
				TEST_TARGET_NAME = iOSFinalAppTwo;
			};
			name = Debug;
		};
		B91EBC4E1FDB4C7500417B0F /* Release */ = {
			isa = XCBuildConfiguration;
			buildSettings = {
				ALWAYS_EMBED_SWIFT_STANDARD_LIBRARIES = YES;
				CODE_SIGN_STYLE = Automatic;
				DEVELOPMENT_TEAM = N6RP3H788Z;
				INFOPLIST_FILE = iOSFinalAppTwoUITests/Info.plist;
				LD_RUNPATH_SEARCH_PATHS = "$(inherited) @executable_path/Frameworks @loader_path/Frameworks";
				PRODUCT_BUNDLE_IDENTIFIER = UnderratedDev.iOSFinalAppTwoUITests;
				PRODUCT_NAME = "$(TARGET_NAME)";
				SWIFT_VERSION = 4.0;
				TARGETED_DEVICE_FAMILY = "1,2";
				TEST_TARGET_NAME = iOSFinalAppTwo;
			};
			name = Release;
		};
/* End XCBuildConfiguration section */

/* Begin XCConfigurationList section */
		B91EBC191FDB4C7400417B0F /* Build configuration list for PBXProject "iOSFinalAppTwo" */ = {
			isa = XCConfigurationList;
			buildConfigurations = (
				B91EBC441FDB4C7500417B0F /* Debug */,
				B91EBC451FDB4C7500417B0F /* Release */,
			);
			defaultConfigurationIsVisible = 0;
			defaultConfigurationName = Release;
		};
		B91EBC461FDB4C7500417B0F /* Build configuration list for PBXNativeTarget "iOSFinalAppTwo" */ = {
			isa = XCConfigurationList;
			buildConfigurations = (
				B91EBC471FDB4C7500417B0F /* Debug */,
				B91EBC481FDB4C7500417B0F /* Release */,
			);
			defaultConfigurationIsVisible = 0;
			defaultConfigurationName = Release;
		};
		B91EBC491FDB4C7500417B0F /* Build configuration list for PBXNativeTarget "iOSFinalAppTwoTests" */ = {
			isa = XCConfigurationList;
			buildConfigurations = (
				B91EBC4A1FDB4C7500417B0F /* Debug */,
				B91EBC4B1FDB4C7500417B0F /* Release */,
			);
			defaultConfigurationIsVisible = 0;
			defaultConfigurationName = Release;
		};
		B91EBC4C1FDB4C7500417B0F /* Build configuration list for PBXNativeTarget "iOSFinalAppTwoUITests" */ = {
			isa = XCConfigurationList;
			buildConfigurations = (
				B91EBC4D1FDB4C7500417B0F /* Debug */,
				B91EBC4E1FDB4C7500417B0F /* Release */,
			);
			defaultConfigurationIsVisible = 0;
			defaultConfigurationName = Release;
		};
/* End XCConfigurationList section */
	};
	rootObject = B91EBC161FDB4C7400417B0F /* Project object */;
}
